
Microsoft Visual Studio Solution File, Format Version 12.00
# Visual Studio 15
VisualStudioVersion = 15.0.28307.136
MinimumVisualStudioVersion = 10.0.40219.1
Project("{FAE04EC0-301F-11D3-BF4B-00C04F79EFBC}") = "PhoneLog", "PhoneLog\PhoneLog.csproj", "{AE206C85-C770-4FD5-980A-5A5EA636862D}"
EndProject
Global
	GlobalSection(SolutionConfigurationPlatforms) = preSolution
		Debug|Any CPU = Debug|Any CPU
		Release|Any CPU = Release|Any CPU
	EndGlobalSection
	GlobalSection(ProjectConfigurationPlatforms) = postSolution
		{AE206C85-C770-4FD5-980A-5A5EA636862D}.Debug|Any CPU.ActiveCfg = Debug|Any CPU
		{AE206C85-C770-4FD5-980A-5A5EA636862D}.Debug|Any CPU.Build.0 = Debug|Any CPU
		{AE206C85-C770-4FD5-980A-5A5EA636862D}.Release|Any CPU.ActiveCfg = Release|Any CPU
		{AE206C85-C770-4FD5-980A-5A5EA636862D}.Release|Any CPU.Build.0 = Release|Any CPU
	EndGlobalSection
	GlobalSection(SolutionProperties) = preSolution
		HideSolutionNode = FALSE
	EndGlobalSection
	GlobalSection(ExtensibilityGlobals) = postSolution
		SolutionGuid = {2EB62C3D-FD7A-4205-9035-DF277FDFA680}
	EndGlobalSection
EndGlobal
